{
  "version": 4,
  "terraform_version": "1.6.1",
  "serial": 9,
  "lineage": "2a1ddd5a-c2d1-06fc-cb4f-242de3173ef4",
  "outputs": {},
  "resources": [
    {
      "mode": "managed",
      "type": "github_repository",
      "name": "terrafor-create-repo1",
      "provider": "provider[\"registry.terraform.io/hashicorp/github\"]",
      "instances": [
        {
          "schema_version": 1,
          "attributes": {
            "allow_auto_merge": false,
            "allow_merge_commit": true,
            "allow_rebase_merge": true,
            "allow_squash_merge": true,
            "allow_update_branch": false,
            "archive_on_destroy": null,
            "archived": false,
            "auto_init": null,
            "default_branch": "main",
            "delete_branch_on_merge": false,
            "description": "This Repo is created from Terraform",
            "etag": "W/\"ac684d12b4783c70048a15f62f6e0171644783cc10370761212a0a4c8bc05dae\"",
            "full_name": "rishi07it417/Terraform-Project-Repo",
            "git_clone_url": "git://github.com/rishi07it417/Terraform-Project-Repo.git",
            "gitignore_template": null,
            "has_discussions": false,
            "has_downloads": false,
            "has_issues": false,
            "has_projects": false,
            "has_wiki": false,
            "homepage_url": "",
            "html_url": "https://github.com/rishi07it417/Terraform-Project-Repo",
            "http_clone_url": "https://github.com/rishi07it417/Terraform-Project-Repo.git",
            "id": "Terraform-Project-Repo",
            "ignore_vulnerability_alerts_during_read": null,
            "is_template": false,
            "license_template": null,
            "merge_commit_message": "PR_TITLE",
            "merge_commit_title": "MERGE_MESSAGE",
            "name": "Terraform-Project-Repo",
            "node_id": "R_kgDOKiSBbQ",
            "pages": [],
            "primary_language": "",
            "private": false,
            "repo_id": 707035501,
            "security_and_analysis": [
              {
                "advanced_security": [],
                "secret_scanning": [
                  {
                    "status": "disabled"
                  }
                ],
                "secret_scanning_push_protection": [
                  {
                    "status": "disabled"
                  }
                ]
              }
            ],
            "squash_merge_commit_message": "COMMIT_MESSAGES",
            "squash_merge_commit_title": "COMMIT_OR_PR_TITLE",
            "ssh_clone_url": "git@github.com:rishi07it417/Terraform-Project-Repo.git",
            "svn_url": "https://github.com/rishi07it417/Terraform-Project-Repo",
            "template": [],
            "topics": [],
            "visibility": "public",
            "vulnerability_alerts": false
          },
          "sensitive_attributes": [],
          "private": "eyJzY2hlbWFfdmVyc2lvbiI6IjEifQ=="
        }
      ]
    }
  ],
  "check_results": null
}
